// !$*UTF8*$!
{
	archiveVersion = 1;
	classes = {
	};
	objectVersion = 56;
	objects = {

/* Begin PBXBuildFile section */
		FF4843672C33C73900E0829C /* rePlyApp.swift in Sources */ = {isa = PBXBuildFile; fileRef = FF4843662C33C73900E0829C /* rePlyApp.swift */; };
		FF4843692C33C73900E0829C /* ContentView.swift in Sources */ = {isa = PBXBuildFile; fileRef = FF4843682C33C73900E0829C /* ContentView.swift */; };
		FF48436B2C33C73B00E0829C /* Assets.xcassets in Resources */ = {isa = PBXBuildFile; fileRef = FF48436A2C33C73B00E0829C /* Assets.xcassets */; };
		FF48436E2C33C73B00E0829C /* Preview Assets.xcassets in Resources */ = {isa = PBXBuildFile; fileRef = FF48436D2C33C73B00E0829C /* Preview Assets.xcassets */; };
		FF4843782C33C73B00E0829C /* rePlyTests.swift in Sources */ = {isa = PBXBuildFile; fileRef = FF4843772C33C73B00E0829C /* rePlyTests.swift */; };
		FF4843822C33C73B00E0829C /* rePlyUITests.swift in Sources */ = {isa = PBXBuildFile; fileRef = FF4843812C33C73B00E0829C /* rePlyUITests.swift */; };
		FF4843842C33C73B00E0829C /* rePlyUITestsLaunchTests.swift in Sources */ = {isa = PBXBuildFile; fileRef = FF4843832C33C73B00E0829C /* rePlyUITestsLaunchTests.swift */; };
/* End PBXBuildFile section */

/* Begin PBXContainerItemProxy section */
		FF4843742C33C73B00E0829C /* PBXContainerItemProxy */ = {
			isa = PBXContainerItemProxy;
			containerPortal = FF48435B2C33C73900E0829C /* Project object */;
			proxyType = 1;
			remoteGlobalIDString = FF4843622C33C73900E0829C;
			remoteInfo = rePly;
		};
		FF48437E2C33C73B00E0829C /* PBXContainerItemProxy */ = {
			isa = PBXContainerItemProxy;
			containerPortal = FF48435B2C33C73900E0829C /* Project object */;
			proxyType = 1;
			remoteGlobalIDString = FF4843622C33C73900E0829C;
			remoteInfo = rePly;
		};
/* End PBXContainerItemProxy section */

/* Begin PBXFileReference section */
		FF4843632C33C73900E0829C /* rePly.app */ = {isa = PBXFileReference; explicitFileType = wrapper.application; includeInIndex = 0; path = rePly.app; sourceTree = BUILT_PRODUCTS_DIR; };
		FF4843662C33C73900E0829C /* rePlyApp.swift */ = {isa = PBXFileReference; lastKnownFileType = sourcecode.swift; path = rePlyApp.swift; sourceTree = "<group>"; };
		FF4843682C33C73900E0829C /* ContentView.swift */ = {isa = PBXFileReference; lastKnownFileType = sourcecode.swift; path = ContentView.swift; sourceTree = "<group>"; };
		FF48436A2C33C73B00E0829C /* Assets.xcassets */ = {isa = PBXFileReference; lastKnownFileType = folder.assetcatalog; path = Assets.xcassets; sourceTree = "<group>"; };
		FF48436D2C33C73B00E0829C /* Preview Assets.xcassets */ = {isa = PBXFileReference; lastKnownFileType = folder.assetcatalog; path = "Preview Assets.xcassets"; sourceTree = "<group>"; };
		FF4843732C33C73B00E0829C /* rePlyTests.xctest */ = {isa = PBXFileReference; explicitFileType = wrapper.cfbundle; includeInIndex = 0; path = rePlyTests.xctest; sourceTree = BUILT_PRODUCTS_DIR; };
		FF4843772C33C73B00E0829C /* rePlyTests.swift */ = {isa = PBXFileReference; lastKnownFileType = sourcecode.swift; path = rePlyTests.swift; sourceTree = "<group>"; };
		FF48437D2C33C73B00E0829C /* rePlyUITests.xctest */ = {isa = PBXFileReference; explicitFileType = wrapper.cfbundle; includeInIndex = 0; path = rePlyUITests.xctest; sourceTree = BUILT_PRODUCTS_DIR; };
		FF4843812C33C73B00E0829C /* rePlyUITests.swift */ = {isa = PBXFileReference; lastKnownFileType = sourcecode.swift; path = rePlyUITests.swift; sourceTree = "<group>"; };
		FF4843832C33C73B00E0829C /* rePlyUITestsLaunchTests.swift */ = {isa = PBXFileReference; lastKnownFileType = sourcecode.swift; path = rePlyUITestsLaunchTests.swift; sourceTree = "<group>"; };
/* End PBXFileReference section */

/* Begin PBXFrameworksBuildPhase section */
		FF4843602C33C73900E0829C /* Frameworks */ = {
			isa = PBXFrameworksBuildPhase;
			buildActionMask = 2147483647;
			files = (
			);
			runOnlyForDeploymentPostprocessing = 0;
		};
		FF4843702C33C73B00E0829C /* Frameworks */ = {
			isa = PBXFrameworksBuildPhase;
			buildActionMask = 2147483647;
			files = (
			);
			runOnlyForDeploymentPostprocessing = 0;
		};
		FF48437A2C33C73B00E0829C /* Frameworks */ = {
			isa = PBXFrameworksBuildPhase;
			buildActionMask = 2147483647;
			files = (
			);
			runOnlyForDeploymentPostprocessing = 0;
		};
/* End PBXFrameworksBuildPhase section */

/* Begin PBXGroup section */
		FF48435A2C33C73900E0829C = {
			isa = PBXGroup;
			children = (
				FF4843652C33C73900E0829C /* rePly */,
				FF4843762C33C73B00E0829C /* rePlyTests */,
				FF4843802C33C73B00E0829C /* rePlyUITests */,
				FF4843642C33C73900E0829C /* Products */,
			);
			sourceTree = "<group>";
		};
		FF4843642C33C73900E0829C /* Products */ = {
			isa = PBXGroup;
			children = (
				FF4843632C33C73900E0829C /* rePly.app */,
				FF4843732C33C73B00E0829C /* rePlyTests.xctest */,
				FF48437D2C33C73B00E0829C /* rePlyUITests.xctest */,
			);
			name = Products;
			sourceTree = "<group>";
		};
		FF4843652C33C73900E0829C /* rePly */ = {
			isa = PBXGroup;
			children = (
				FF4843662C33C73900E0829C /* rePlyApp.swift */,
				FF4843682C33C73900E0829C /* ContentView.swift */,
				FF48436A2C33C73B00E0829C /* Assets.xcassets */,
				FF48436C2C33C73B00E0829C /* Preview Content */,
			);
			path = rePly;
			sourceTree = "<group>";
		};
		FF48436C2C33C73B00E0829C /* Preview Content */ = {
			isa = PBXGroup;
			children = (
				FF48436D2C33C73B00E0829C /* Preview Assets.xcassets */,
			);
			path = "Preview Content";
			sourceTree = "<group>";
		};
		FF4843762C33C73B00E0829C /* rePlyTests */ = {
			isa = PBXGroup;
			children = (
				FF4843772C33C73B00E0829C /* rePlyTests.swift */,
			);
			path = rePlyTests;
			sourceTree = "<group>";
		};
		FF4843802C33C73B00E0829C /* rePlyUITests */ = {
			isa = PBXGroup;
			children = (
				FF4843812C33C73B00E0829C /* rePlyUITests.swift */,
				FF4843832C33C73B00E0829C /* rePlyUITestsLaunchTests.swift */,
			);
			path = rePlyUITests;
			sourceTree = "<group>";
		};
/* End PBXGroup section */

/* Begin PBXNativeTarget section */
		FF4843622C33C73900E0829C /* rePly */ = {
			isa = PBXNativeTarget;
			buildConfigurationList = FF4843872C33C73B00E0829C /* Build configuration list for PBXNativeTarget "rePly" */;
			buildPhases = (
				FF48435F2C33C73900E0829C /* Sources */,
				FF4843602C33C73900E0829C /* Frameworks */,
				FF4843612C33C73900E0829C /* Resources */,
			);
			buildRules = (
			);
			dependencies = (
			);
			name = rePly;
			productName = rePly;
			productReference = FF4843632C33C73900E0829C /* rePly.app */;
			productType = "com.apple.product-type.application";
		};
		FF4843722C33C73B00E0829C /* rePlyTests */ = {
			isa = PBXNativeTarget;
			buildConfigurationList = FF48438A2C33C73B00E0829C /* Build configuration list for PBXNativeTarget "rePlyTests" */;
			buildPhases = (
				FF48436F2C33C73B00E0829C /* Sources */,
				FF4843702C33C73B00E0829C /* Frameworks */,
				FF4843712C33C73B00E0829C /* Resources */,
			);
			buildRules = (
			);
			dependencies = (
				FF4843752C33C73B00E0829C /* PBXTargetDependency */,
			);
			name = rePlyTests;
			productName = rePlyTests;
			productReference = FF4843732C33C73B00E0829C /* rePlyTests.xctest */;
			productType = "com.apple.product-type.bundle.unit-test";
		};
		FF48437C2C33C73B00E0829C /* rePlyUITests */ = {
			isa = PBXNativeTarget;
			buildConfigurationList = FF48438D2C33C73B00E0829C /* Build configuration list for PBXNativeTarget "rePlyUITests" */;
			buildPhases = (
				FF4843792C33C73B00E0829C /* Sources */,
				FF48437A2C33C73B00E0829C /* Frameworks */,
				FF48437B2C33C73B00E0829C /* Resources */,
			);
			buildRules = (
			);
			dependencies = (
				FF48437F2C33C73B00E0829C /* PBXTargetDependency */,
			);
			name = rePlyUITests;
			productName = rePlyUITests;
			productReference = FF48437D2C33C73B00E0829C /* rePlyUITests.xctest */;
			productType = "com.apple.product-type.bundle.ui-testing";
		};
/* End PBXNativeTarget section */

/* Begin PBXProject section */
		FF48435B2C33C73900E0829C /* Project object */ = {
			isa = PBXProject;
			attributes = {
				BuildIndependentTargetsInParallel = 1;
				LastSwiftUpdateCheck = 1540;
				LastUpgradeCheck = 1540;
				TargetAttributes = {
					FF4843622C33C73900E0829C = {
						CreatedOnToolsVersion = 15.4;
					};
					FF4843722C33C73B00E0829C = {
						CreatedOnToolsVersion = 15.4;
						TestTargetID = FF4843622C33C73900E0829C;
					};
					FF48437C2C33C73B00E0829C = {
						CreatedOnToolsVersion = 15.4;
						TestTargetID = FF4843622C33C73900E0829C;
					};
				};
			};
			buildConfigurationList = FF48435E2C33C73900E0829C /* Build configuration list for PBXProject "rePly" */;
			compatibilityVersion = "Xcode 14.0";
			developmentRegion = en;
			hasScannedForEncodings = 0;
			knownRegions = (
				en,
				Base,
			);
			mainGroup = FF48435A2C33C73900E0829C;
			productRefGroup = FF4843642C33C73900E0829C /* Products */;
			projectDirPath = "";
			projectRoot = "";
			targets = (
				FF4843622C33C73900E0829C /* rePly */,
				FF4843722C33C73B00E0829C /* rePlyTests */,
				FF48437C2C33C73B00E0829C /* rePlyUITests */,
			);
		};
/* End PBXProject section */

/* Begin PBXResourcesBuildPhase section */
		FF4843612C33C73900E0829C /* Resources */ = {
			isa = PBXResourcesBuildPhase;
			buildActionMask = 2147483647;
			files = (
				FF48436E2C33C73B00E0829C /* Preview Assets.xcassets in Resources */,
				FF48436B2C33C73B00E0829C /* Assets.xcassets in Resources */,
			);
			runOnlyForDeploymentPostprocessing = 0;
		};
		FF4843712C33C73B00E0829C /* Resources */ = {
			isa = PBXResourcesBuildPhase;
			buildActionMask = 2147483647;
			files = (
			);
			runOnlyForDeploymentPostprocessing = 0;
		};
		FF48437B2C33C73B00E0829C /* Resources */ = {
			isa = PBXResourcesBuildPhase;
			buildActionMask = 2147483647;
			files = (
			);
			runOnlyForDeploymentPostprocessing = 0;
		};
/* End PBXResourcesBuildPhase section */

/* Begin PBXSourcesBuildPhase section */
		FF48435F2C33C73900E0829C /* Sources */ = {
			isa = PBXSourcesBuildPhase;
			buildActionMask = 2147483647;
			files = (
				FF4843692C33C73900E0829C /* ContentView.swift in Sources */,
				FF4843672C33C73900E0829C /* rePlyApp.swift in Sources */,
			);
			runOnlyForDeploymentPostprocessing = 0;
		};
		FF48436F2C33C73B00E0829C /* Sources */ = {
			isa = PBXSourcesBuildPhase;
			buildActionMask = 2147483647;
			files = (
				FF4843782C33C73B00E0829C /* rePlyTests.swift in Sources */,
			);
			runOnlyForDeploymentPostprocessing = 0;
		};
		FF4843792C33C73B00E0829C /* Sources */ = {
			isa = PBXSourcesBuildPhase;
			buildActionMask = 2147483647;
			files = (
				FF4843822C33C73B00E0829C /* rePlyUITests.swift in Sources */,
				FF4843842C33C73B00E0829C /* rePlyUITestsLaunchTests.swift in Sources */,
			);
			runOnlyForDeploymentPostprocessing = 0;
		};
/* End PBXSourcesBuildPhase section */

/* Begin PBXTargetDependency section */
		FF4843752C33C73B00E0829C /* PBXTargetDependency */ = {
			isa = PBXTargetDependency;
			target = FF4843622C33C73900E0829C /* rePly */;
			targetProxy = FF4843742C33C73B00E0829C /* PBXContainerItemProxy */;
		};
		FF48437F2C33C73B00E0829C /* PBXTargetDependency */ = {
			isa = PBXTargetDependency;
			target = FF4843622C33C73900E0829C /* rePly */;
			targetProxy = FF48437E2C33C73B00E0829C /* PBXContainerItemProxy */;
		};
/* End PBXTargetDependency section */

/* Begin XCBuildConfiguration section */
		FF4843852C33C73B00E0829C /* Debug */ = {
			isa = XCBuildConfiguration;
			buildSettings = {
				ALWAYS_SEARCH_USER_PATHS = NO;
				ASSETCATALOG_COMPILER_GENERATE_SWIFT_ASSET_SYMBOL_EXTENSIONS = YES;
				CLANG_ANALYZER_NONNULL = YES;
				CLANG_ANALYZER_NUMBER_OBJECT_CONVERSION = YES_AGGRESSIVE;
				CLANG_CXX_LANGUAGE_STANDARD = "gnu++20";
				CLANG_ENABLE_MODULES = YES;
				CLANG_ENABLE_OBJC_ARC = YES;
				CLANG_ENABLE_OBJC_WEAK = YES;
				CLANG_WARN_BLOCK_CAPTURE_AUTORELEASING = YES;
				CLANG_WARN_BOOL_CONVERSION = YES;
				CLANG_WARN_COMMA = YES;
				CLANG_WARN_CONSTANT_CONVERSION = YES;
				CLANG_WARN_DEPRECATED_OBJC_IMPLEMENTATIONS = YES;
				CLANG_WARN_DIRECT_OBJC_ISA_USAGE = YES_ERROR;
				CLANG_WARN_DOCUMENTATION_COMMENTS = YES;
				CLANG_WARN_EMPTY_BODY = YES;
				CLANG_WARN_ENUM_CONVERSION = YES;
				CLANG_WARN_INFINITE_RECURSION = YES;
				CLANG_WARN_INT_CONVERSION = YES;
				CLANG_WARN_NON_LITERAL_NULL_CONVERSION = YES;
				CLANG_WARN_OBJC_IMPLICIT_RETAIN_SELF = YES;
				CLANG_WARN_OBJC_LITERAL_CONVERSION = YES;
				CLANG_WARN_OBJC_ROOT_CLASS = YES_ERROR;
				CLANG_WARN_QUOTED_INCLUDE_IN_FRAMEWORK_HEADER = YES;
				CLANG_WARN_RANGE_LOOP_ANALYSIS = YES;
				CLANG_WARN_STRICT_PROTOTYPES = YES;
				CLANG_WARN_SUSPICIOUS_MOVE = YES;
				CLANG_WARN_UNGUARDED_AVAILABILITY = YES_AGGRESSIVE;
				CLANG_WARN_UNREACHABLE_CODE = YES;
				CLANG_WARN__DUPLICATE_METHOD_MATCH = YES;
				COPY_PHASE_STRIP = NO;
				DEBUG_INFORMATION_FORMAT = dwarf;
				ENABLE_STRICT_OBJC_MSGSEND = YES;
				ENABLE_TESTABILITY = YES;
				ENABLE_USER_SCRIPT_SANDBOXING = YES;
				GCC_C_LANGUAGE_STANDARD = gnu17;
				GCC_DYNAMIC_NO_PIC = NO;
				GCC_NO_COMMON_BLOCKS = YES;
				GCC_OPTIMIZATION_LEVEL = 0;
				GCC_PREPROCESSOR_DEFINITIONS = (
					"DEBUG=1",
					"$(inherited)",
				);
				GCC_WARN_64_TO_32_BIT_CONVERSION = YES;
				GCC_WARN_ABOUT_RETURN_TYPE = YES_ERROR;
				GCC_WARN_UNDECLARED_SELECTOR = YES;
				GCC_WARN_UNINITIALIZED_AUTOS = YES_AGGRESSIVE;
				GCC_WARN_UNUSED_FUNCTION = YES;
				GCC_WARN_UNUSED_VARIABLE = YES;
				IPHONEOS_DEPLOYMENT_TARGET = 17.5;
				LOCALIZATION_PREFERS_STRING_CATALOGS = YES;
				MTL_ENABLE_DEBUG_INFO = INCLUDE_SOURCE;
				MTL_FAST_MATH = YES;
				ONLY_ACTIVE_ARCH = YES;
				SDKROOT = iphoneos;
				SWIFT_ACTIVE_COMPILATION_CONDITIONS = "DEBUG $(inherited)";
				SWIFT_OPTIMIZATION_LEVEL = "-Onone";
			};
			name = Debug;
		};
		FF4843862C33C73B00E0829C /* Release */ = {
			isa = XCBuildConfiguration;
			buildSettings = {
				ALWAYS_SEARCH_USER_PATHS = NO;
				ASSETCATALOG_COMPILER_GENERATE_SWIFT_ASSET_SYMBOL_EXTENSIONS = YES;
				CLANG_ANALYZER_NONNULL = YES;
				CLANG_ANALYZER_NUMBER_OBJECT_CONVERSION = YES_AGGRESSIVE;
				CLANG_CXX_LANGUAGE_STANDARD = "gnu++20";
				CLANG_ENABLE_MODULES = YES;
				CLANG_ENABLE_OBJC_ARC = YES;
				CLANG_ENABLE_OBJC_WEAK = YES;
				CLANG_WARN_BLOCK_CAPTURE_AUTORELEASING = YES;
				CLANG_WARN_BOOL_CONVERSION = YES;
				CLANG_WARN_COMMA = YES;
				CLANG_WARN_CONSTANT_CONVERSION = YES;
				CLANG_WARN_DEPRECATED_OBJC_IMPLEMENTATIONS = YES;
				CLANG_WARN_DIRECT_OBJC_ISA_USAGE = YES_ERROR;
				CLANG_WARN_DOCUMENTATION_COMMENTS = YES;
				CLANG_WARN_EMPTY_BODY = YES;
				CLANG_WARN_ENUM_CONVERSION = YES;
				CLANG_WARN_INFINITE_RECURSION = YES;
				CLANG_WARN_INT_CONVERSION = YES;
				CLANG_WARN_NON_LITERAL_NULL_CONVERSION = YES;
				CLANG_WARN_OBJC_IMPLICIT_RETAIN_SELF = YES;
				CLANG_WARN_OBJC_LITERAL_CONVERSION = YES;
				CLANG_WARN_OBJC_ROOT_CLASS = YES_ERROR;
				CLANG_WARN_QUOTED_INCLUDE_IN_FRAMEWORK_HEADER = YES;
				CLANG_WARN_RANGE_LOOP_ANALYSIS = YES;
				CLANG_WARN_STRICT_PROTOTYPES = YES;
				CLANG_WARN_SUSPICIOUS_MOVE = YES;
				CLANG_WARN_UNGUARDED_AVAILABILITY = YES_AGGRESSIVE;
				CLANG_WARN_UNREACHABLE_CODE = YES;
				CLANG_WARN__DUPLICATE_METHOD_MATCH = YES;
				COPY_PHASE_STRIP = NO;
				DEBUG_INFORMATION_FORMAT = "dwarf-with-dsym";
				ENABLE_NS_ASSERTIONS = NO;
				ENABLE_STRICT_OBJC_MSGSEND = YES;
				ENABLE_USER_SCRIPT_SANDBOXING = YES;
				GCC_C_LANGUAGE_STANDARD = gnu17;
				GCC_NO_COMMON_BLOCKS = YES;
				GCC_WARN_64_TO_32_BIT_CONVERSION = YES;
				GCC_WARN_ABOUT_RETURN_TYPE = YES_ERROR;
				GCC_WARN_UNDECLARED_SELECTOR = YES;
				GCC_WARN_UNINITIALIZED_AUTOS = YES_AGGRESSIVE;
				GCC_WARN_UNUSED_FUNCTION = YES;
				GCC_WARN_UNUSED_VARIABLE = YES;
				IPHONEOS_DEPLOYMENT_TARGET = 17.5;
				LOCALIZATION_PREFERS_STRING_CATALOGS = YES;
				MTL_ENABLE_DEBUG_INFO = NO;
				MTL_FAST_MATH = YES;
				SDKROOT = iphoneos;
				SWIFT_COMPILATION_MODE = wholemodule;
				VALIDATE_PRODUCT = YES;
			};
			name = Release;
		};
		FF4843882C33C73B00E0829C /* Debug */ = {
			isa = XCBuildConfiguration;
			buildSettings = {
				ASSETCATALOG_COMPILER_APPICON_NAME = AppIcon;
				ASSETCATALOG_COMPILER_GLOBAL_ACCENT_COLOR_NAME = AccentColor;
				CODE_SIGN_STYLE = Automatic;
				CURRENT_PROJECT_VERSION = 1;
				DEVELOPMENT_ASSET_PATHS = "\"rePly/Preview Content\"";
				DEVELOPMENT_TEAM = 37BC8RS2XN;
				ENABLE_PREVIEWS = YES;
				GENERATE_INFOPLIST_FILE = YES;
				INFOPLIST_KEY_UIApplicationSceneManifest_Generation = YES;
				INFOPLIST_KEY_UIApplicationSupportsIndirectInputEvents = YES;
				INFOPLIST_KEY_UILaunchScreen_Generation = YES;
				INFOPLIST_KEY_UISupportedInterfaceOrientations_iPad = "UIInterfaceOrientationPortrait UIInterfaceOrientationPortraitUpsideDown UIInterfaceOrientationLandscapeLeft UIInterfaceOrientationLandscapeRight";
				INFOPLIST_KEY_UISupportedInterfaceOrientations_iPhone = "UIInterfaceOrientationPortrait UIInterfaceOrientationLandscapeLeft UIInterfaceOrientationLandscapeRight";
				LD_RUNPATH_SEARCH_PATHS = (
					"$(inherited)",
					"@executable_path/Frameworks",
				);
				MARKETING_VERSION = 1.0;
				PRODUCT_BUNDLE_IDENTIFIER = algoria.rePly;
				PRODUCT_NAME = "$(TARGET_NAME)";
				SWIFT_EMIT_LOC_STRINGS = YES;
				SWIFT_VERSION = 5.0;
				TARGETED_DEVICE_FAMILY = "1,2";
			};
			name = Debug;
		};
		FF4843892C33C73B00E0829C /* Release */ = {
			isa = XCBuildConfiguration;
			buildSettings = {
				ASSETCATALOG_COMPILER_APPICON_NAME = AppIcon;
				ASSETCATALOG_COMPILER_GLOBAL_ACCENT_COLOR_NAME = AccentColor;
				CODE_SIGN_STYLE = Automatic;
				CURRENT_PROJECT_VERSION = 1;
				DEVELOPMENT_ASSET_PATHS = "\"rePly/Preview Content\"";
				DEVELOPMENT_TEAM = 37BC8RS2XN;
				ENABLE_PREVIEWS = YES;
				GENERATE_INFOPLIST_FILE = YES;
				INFOPLIST_KEY_UIApplicationSceneManifest_Generation = YES;
				INFOPLIST_KEY_UIApplicationSupportsIndirectInputEvents = YES;
				INFOPLIST_KEY_UILaunchScreen_Generation = YES;
				INFOPLIST_KEY_UISupportedInterfaceOrientations_iPad = "UIInterfaceOrientationPortrait UIInterfaceOrientationPortraitUpsideDown UIInterfaceOrientationLandscapeLeft UIInterfaceOrientationLandscapeRight";
				INFOPLIST_KEY_UISupportedInterfaceOrientations_iPhone = "UIInterfaceOrientationPortrait UIInterfaceOrientationLandscapeLeft UIInterfaceOrientationLandscapeRight";
				LD_RUNPATH_SEARCH_PATHS = (
					"$(inherited)",
					"@executable_path/Frameworks",
				);
				MARKETING_VERSION = 1.0;
				PRODUCT_BUNDLE_IDENTIFIER = algoria.rePly;
				PRODUCT_NAME = "$(TARGET_NAME)";
				SWIFT_EMIT_LOC_STRINGS = YES;
				SWIFT_VERSION = 5.0;
				TARGETED_DEVICE_FAMILY = "1,2";
			};
			name = Release;
		};
		FF48438B2C33C73B00E0829C /* Debug */ = {
			isa = XCBuildConfiguration;
			buildSettings = {
				ALWAYS_EMBED_SWIFT_STANDARD_LIBRARIES = YES;
				BUNDLE_LOADER = "$(TEST_HOST)";
				CODE_SIGN_STYLE = Automatic;
				CURRENT_PROJECT_VERSION = 1;
				DEVELOPMENT_TEAM = 37BC8RS2XN;
				GENERATE_INFOPLIST_FILE = YES;
				IPHONEOS_DEPLOYMENT_TARGET = 17.5;
				MARKETING_VERSION = 1.0;
				PRODUCT_BUNDLE_IDENTIFIER = algoria.rePlyTests;
				PRODUCT_NAME = "$(TARGET_NAME)";
				SWIFT_EMIT_LOC_STRINGS = NO;
				SWIFT_VERSION = 5.0;
				TARGETED_DEVICE_FAMILY = "1,2";
				TEST_HOST = "$(BUILT_PRODUCTS_DIR)/rePly.app/$(BUNDLE_EXECUTABLE_FOLDER_PATH)/rePly";
			};
			name = Debug;
		};
		FF48438C2C33C73B00E0829C /* Release */ = {
			isa = XCBuildConfiguration;
			buildSettings = {
				ALWAYS_EMBED_SWIFT_STANDARD_LIBRARIES = YES;
				BUNDLE_LOADER = "$(TEST_HOST)";
				CODE_SIGN_STYLE = Automatic;
				CURRENT_PROJECT_VERSION = 1;
				DEVELOPMENT_TEAM = 37BC8RS2XN;
				GENERATE_INFOPLIST_FILE = YES;
				IPHONEOS_DEPLOYMENT_TARGET = 17.5;
				MARKETING_VERSION = 1.0;
				PRODUCT_BUNDLE_IDENTIFIER = algoria.rePlyTests;
				PRODUCT_NAME = "$(TARGET_NAME)";
				SWIFT_EMIT_LOC_STRINGS = NO;
				SWIFT_VERSION = 5.0;
				TARGETED_DEVICE_FAMILY = "1,2";
				TEST_HOST = "$(BUILT_PRODUCTS_DIR)/rePly.app/$(BUNDLE_EXECUTABLE_FOLDER_PATH)/rePly";
			};
			name = Release;
		};
		FF48438E2C33C73B00E0829C /* Debug */ = {
			isa = XCBuildConfiguration;
			buildSettings = {
				ALWAYS_EMBED_SWIFT_STANDARD_LIBRARIES = YES;
				CODE_SIGN_STYLE = Automatic;
				CURRENT_PROJECT_VERSION = 1;
				DEVELOPMENT_TEAM = 37BC8RS2XN;
				GENERATE_INFOPLIST_FILE = YES;
				MARKETING_VERSION = 1.0;
				PRODUCT_BUNDLE_IDENTIFIER = algoria.rePlyUITests;
				PRODUCT_NAME = "$(TARGET_NAME)";
				SWIFT_EMIT_LOC_STRINGS = NO;
				SWIFT_VERSION = 5.0;
				TARGETED_DEVICE_FAMILY = "1,2";
				TEST_TARGET_NAME = rePly;
			};
			name = Debug;
		};
		FF48438F2C33C73B00E0829C /* Release */ = {
			isa = XCBuildConfiguration;
			buildSettings = {
				ALWAYS_EMBED_SWIFT_STANDARD_LIBRARIES = YES;
				CODE_SIGN_STYLE = Automatic;
				CURRENT_PROJECT_VERSION = 1;
				DEVELOPMENT_TEAM = 37BC8RS2XN;
				GENERATE_INFOPLIST_FILE = YES;
				MARKETING_VERSION = 1.0;
				PRODUCT_BUNDLE_IDENTIFIER = algoria.rePlyUITests;
				PRODUCT_NAME = "$(TARGET_NAME)";
				SWIFT_EMIT_LOC_STRINGS = NO;
				SWIFT_VERSION = 5.0;
				TARGETED_DEVICE_FAMILY = "1,2";
				TEST_TARGET_NAME = rePly;
			};
			name = Release;
		};
/* End XCBuildConfiguration section */

/* Begin XCConfigurationList section */
		FF48435E2C33C73900E0829C /* Build configuration list for PBXProject "rePly" */ = {
			isa = XCConfigurationList;
			buildConfigurations = (
				FF4843852C33C73B00E0829C /* Debug */,
				FF4843862C33C73B00E0829C /* Release */,
			);
			defaultConfigurationIsVisible = 0;
			defaultConfigurationName = Release;
		};
		FF4843872C33C73B00E0829C /* Build configuration list for PBXNativeTarget "rePly" */ = {
			isa = XCConfigurationList;
			buildConfigurations = (
				FF4843882C33C73B00E0829C /* Debug */,
				FF4843892C33C73B00E0829C /* Release */,
			);
			defaultConfigurationIsVisible = 0;
			defaultConfigurationName = Release;
		};
		FF48438A2C33C73B00E0829C /* Build configuration list for PBXNativeTarget "rePlyTests" */ = {
			isa = XCConfigurationList;
			buildConfigurations = (
				FF48438B2C33C73B00E0829C /* Debug */,
				FF48438C2C33C73B00E0829C /* Release */,
			);
			defaultConfigurationIsVisible = 0;
			defaultConfigurationName = Release;
		};
		FF48438D2C33C73B00E0829C /* Build configuration list for PBXNativeTarget "rePlyUITests" */ = {
			isa = XCConfigurationList;
			buildConfigurations = (
				FF48438E2C33C73B00E0829C /* Debug */,
				FF48438F2C33C73B00E0829C /* Release */,
			);
			defaultConfigurationIsVisible = 0;
			defaultConfigurationName = Release;
		};
/* End XCConfigurationList section */
	};
	rootObject = FF48435B2C33C73900E0829C /* Project object */;
}
